{
	"name": "vscode-mysql-client",
	"version": "1.8.4",
	"lockfileVersion": 1,
	"requires": true,
	"dependencies": {
		"@babel/code-frame": {
			"version": "7.8.3",
			"resolved": "https://registry.npm.taobao.org/@babel/code-frame/download/@babel/code-frame-7.8.3.tgz?cache=0&sync_timestamp=1578953126105&other_urls=https%3A%2F%2Fregistry.npm.taobao.org%2F%40babel%2Fcode-frame%2Fdownload%2F%40babel%2Fcode-frame-7.8.3.tgz",
			"integrity": "sha1-M+JZA9dIEYFTThLsCiXxa2/PQZ4=",
			"dev": true,
			"requires": {
				"@babel/highlight": "^7.8.3"
			}
		},
		"@babel/helper-validator-identifier": {
			"version": "7.9.5",
			"resolved": "https://registry.npm.taobao.org/@babel/helper-validator-identifier/download/@babel/helper-validator-identifier-7.9.5.tgz",
			"integrity": "sha1-kJd6jm+/a0MafcMXUu7iM78FLYA=",
			"dev": true
		},
		"@babel/highlight": {
			"version": "7.9.0",
			"resolved": "https://registry.npm.taobao.org/@babel/highlight/download/@babel/highlight-7.9.0.tgz",
			"integrity": "sha1-TptFzLgreWBycbKXmtgse2gWMHk=",
			"dev": true,
			"requires": {
				"@babel/helper-validator-identifier": "^7.9.0",
				"chalk": "^2.0.0",
				"js-tokens": "^4.0.0"
			}
		},
		"@types/async-lock": {
			"version": "1.1.2",
			"resolved": "https://registry.npmjs.org/@types/async-lock/-/async-lock-1.1.2.tgz",
			"integrity": "sha512-j9n4bb6RhgFIydBe0+kpjnBPYumDaDyU8zvbWykyVMkku+c2CSu31MZkLeaBfqIwU+XCxlDpYDfyMQRkM0AkeQ==",
			"dev": true
		},
		"@types/mockjs": {
			"version": "1.0.2",
			"resolved": "https://registry.npm.taobao.org/@types/mockjs/download/@types/mockjs-1.0.2.tgz",
			"integrity": "sha1-iYhxUcm5AwKOm1aaKLStB515lDs=",
			"dev": true
		},
		"@types/mysql": {
			"version": "2.15.10",
			"resolved": "https://registry.npm.taobao.org/@types/mysql/download/@types/mysql-2.15.10.tgz",
			"integrity": "sha1-Il6Z4W9u0+AAkefNiCHJ+jyzgUk=",
			"dev": true,
			"requires": {
				"@types/node": "*"
			}
		},
		"@types/node": {
			"version": "7.10.10",
			"resolved": "https://registry.npm.taobao.org/@types/node/download/@types/node-7.10.10.tgz",
			"integrity": "sha1-rx0Qn0XNpb11EANfD9oMLhPj7BU=",
			"dev": true
		},
		"@types/ssh2": {
			"version": "0.5.43",
			"resolved": "https://registry.npm.taobao.org/@types/ssh2/download/@types/ssh2-0.5.43.tgz",
			"integrity": "sha1-pLj8AojveaDS2JNjZE0LREj+lTI=",
			"dev": true,
			"requires": {
				"@types/node": "*",
				"@types/ssh2-streams": "*"
			}
		},
		"@types/ssh2-streams": {
			"version": "0.1.6",
			"resolved": "https://registry.npm.taobao.org/@types/ssh2-streams/download/@types/ssh2-streams-0.1.6.tgz",
			"integrity": "sha1-H/Wx/lDBXygu/p/QksaElPhwK8I=",
			"dev": true,
			"requires": {
				"@types/node": "*"
			}
		},
		"agent-base": {
			"version": "4.3.0",
			"resolved": "https://registry.npm.taobao.org/agent-base/download/agent-base-4.3.0.tgz?cache=0&sync_timestamp=1579811507521&other_urls=https%3A%2F%2Fregistry.npm.taobao.org%2Fagent-base%2Fdownload%2Fagent-base-4.3.0.tgz",
			"integrity": "sha1-gWXwHENgCbzK0LHRIvBe13Dvxu4=",
			"dev": true,
			"requires": {
				"es6-promisify": "^5.0.0"
			}
		},
		"ajv": {
			"version": "6.12.2",
			"resolved": "https://registry.npm.taobao.org/ajv/download/ajv-6.12.2.tgz",
			"integrity": "sha1-xinF7O0XuvMUQ3kY0tqIyZ1ZWM0=",
			"dev": true,
			"requires": {
				"fast-deep-equal": "^3.1.1",
				"fast-json-stable-stringify": "^2.0.0",
				"json-schema-traverse": "^0.4.1",
				"uri-js": "^4.2.2"
			}
		},
		"ansi-styles": {
			"version": "3.2.1",
			"resolved": "https://registry.npm.taobao.org/ansi-styles/download/ansi-styles-3.2.1.tgz",
			"integrity": "sha1-QfuyAkPlCxK+DwS43tvwdSDOhB0=",
			"dev": true,
			"requires": {
				"color-convert": "^1.9.0"
			}
		},
		"argparse": {
			"version": "1.0.10",
			"resolved": "https://registry.npm.taobao.org/argparse/download/argparse-1.0.10.tgz",
			"integrity": "sha1-vNZ5HqWuCXJeF+WtmIE0zUCz2RE=",
			"dev": true,
			"requires": {
				"sprintf-js": "~1.0.2"
			}
		},
		"asn1": {
			"version": "0.2.4",
			"resolved": "https://registry.npm.taobao.org/asn1/download/asn1-0.2.4.tgz",
			"integrity": "sha1-jSR136tVO7M+d7VOWeiAu4ziMTY=",
			"requires": {
				"safer-buffer": "~2.1.0"
			}
		},
		"assert-plus": {
			"version": "1.0.0",
			"resolved": "https://registry.npmjs.org/assert-plus/-/assert-plus-1.0.0.tgz",
			"integrity": "sha1-8S4PPF13sLHN2RRpQuTpbB5N1SU=",
			"dev": true
		},
		"async-lock": {
			"version": "1.2.2",
			"resolved": "https://registry.npmjs.org/async-lock/-/async-lock-1.2.2.tgz",
			"integrity": "sha512-uczz62z2fMWOFbyo6rG4NlV2SdxugJT6sZA2QcfB1XaSjEiOh8CuOb/TttyMnYQCda6nkWecJe465tGQDPJiKw=="
		},
		"asynckit": {
			"version": "0.4.0",
			"resolved": "https://registry.npmjs.org/asynckit/-/asynckit-0.4.0.tgz",
			"integrity": "sha1-x57Zf380y48robyXkLzDZkdLS3k=",
			"dev": true
		},
		"aws-sign2": {
			"version": "0.7.0",
			"resolved": "https://registry.npmjs.org/aws-sign2/-/aws-sign2-0.7.0.tgz",
			"integrity": "sha1-tG6JCTSpWR8tL2+G1+ap8bP+dqg=",
			"dev": true
		},
		"aws4": {
			"version": "1.9.1",
			"resolved": "https://registry.npm.taobao.org/aws4/download/aws4-1.9.1.tgz",
			"integrity": "sha1-fjPY99RJs/ZzzXLeuavcVS2+Uo4=",
			"dev": true
		},
		"balanced-match": {
			"version": "1.0.0",
			"resolved": "https://registry.npmjs.org/balanced-match/-/balanced-match-1.0.0.tgz",
			"integrity": "sha1-ibTRmasr7kneFk6gK4nORi1xt2c=",
			"dev": true
		},
		"bcrypt-pbkdf": {
			"version": "1.0.2",
			"resolved": "https://registry.npmjs.org/bcrypt-pbkdf/-/bcrypt-pbkdf-1.0.2.tgz",
			"integrity": "sha1-pDAdOJtqQ/m2f/PKEaP2Y342Dp4=",
			"dev": true,
			"requires": {
				"tweetnacl": "^0.14.3"
			}
		},
		"bignumber.js": {
			"version": "9.0.0",
			"resolved": "https://registry.npm.taobao.org/bignumber.js/download/bignumber.js-9.0.0.tgz",
			"integrity": "sha1-gFiA+Eoym16sbny2+CdLbYK98HU="
		},
		"brace-expansion": {
			"version": "1.1.8",
			"resolved": "https://registry.npmjs.org/brace-expansion/-/brace-expansion-1.1.8.tgz",
			"integrity": "sha1-wHshHHyVLsH479Uad+8NHTmQopI=",
			"dev": true,
			"requires": {
				"balanced-match": "^1.0.0",
				"concat-map": "0.0.1"
			}
		},
		"browser-stdout": {
			"version": "1.3.1",
			"resolved": "https://registry.npm.taobao.org/browser-stdout/download/browser-stdout-1.3.1.tgz",
			"integrity": "sha1-uqVZ7hTO1zRSIputcyZGfGH6vWA=",
			"dev": true
		},
		"buffer-from": {
			"version": "1.1.1",
			"resolved": "https://registry.npm.taobao.org/buffer-from/download/buffer-from-1.1.1.tgz",
			"integrity": "sha1-MnE7wCj3XAL9txDXx7zsHyxgcO8=",
			"dev": true
		},
		"builtin-modules": {
			"version": "1.1.1",
			"resolved": "https://registry.npm.taobao.org/builtin-modules/download/builtin-modules-1.1.1.tgz",
			"integrity": "sha1-Jw8HbFpywC9bZaR9+Uxf46J4iS8=",
			"dev": true
		},
		"caseless": {
			"version": "0.12.0",
			"resolved": "https://registry.npmjs.org/caseless/-/caseless-0.12.0.tgz",
			"integrity": "sha1-G2gcIf+EAzyCZUMJBolCDRhxUdw=",
			"dev": true
		},
		"chalk": {
			"version": "2.4.2",
			"resolved": "https://registry.npm.taobao.org/chalk/download/chalk-2.4.2.tgz",
			"integrity": "sha1-zUJUFnelQzPPVBpJEIwUMrRMlCQ=",
			"dev": true,
			"requires": {
				"ansi-styles": "^3.2.1",
				"escape-string-regexp": "^1.0.5",
				"supports-color": "^5.3.0"
			}
		},
		"color-convert": {
			"version": "1.9.3",
			"resolved": "https://registry.npm.taobao.org/color-convert/download/color-convert-1.9.3.tgz?cache=0&sync_timestamp=1566248870121&other_urls=https%3A%2F%2Fregistry.npm.taobao.org%2Fcolor-convert%2Fdownload%2Fcolor-convert-1.9.3.tgz",
			"integrity": "sha1-u3GFBpDh8TZWfeYp0tVHHe2kweg=",
			"dev": true,
			"requires": {
				"color-name": "1.1.3"
			}
		},
		"color-name": {
			"version": "1.1.3",
			"resolved": "https://registry.npm.taobao.org/color-name/download/color-name-1.1.3.tgz",
			"integrity": "sha1-p9BVi9icQveV3UIyj3QIMcpTvCU=",
			"dev": true
		},
		"combined-stream": {
			"version": "1.0.8",
			"resolved": "https://registry.npm.taobao.org/combined-stream/download/combined-stream-1.0.8.tgz",
			"integrity": "sha1-w9RaizT9cwYxoRCoolIGgrMdWn8=",
			"dev": true,
			"requires": {
				"delayed-stream": "~1.0.0"
			}
		},
		"commander": {
			"version": "2.15.1",
			"resolved": "https://registry.npm.taobao.org/commander/download/commander-2.15.1.tgz",
			"integrity": "sha1-30boZ9D8Kuxmo0ZitAapzK//Ww8="
		},
		"concat-map": {
			"version": "0.0.1",
			"resolved": "https://registry.npmjs.org/concat-map/-/concat-map-0.0.1.tgz",
			"integrity": "sha1-2Klr13/Wjfd5OnMDajug1UBdR3s=",
			"dev": true
		},
		"core-util-is": {
			"version": "1.0.2",
			"resolved": "https://registry.npmjs.org/core-util-is/-/core-util-is-1.0.2.tgz",
			"integrity": "sha1-tf1UIgqivFq1eqtxQMlAdUUDwac="
		},
		"dashdash": {
			"version": "1.14.1",
			"resolved": "https://registry.npmjs.org/dashdash/-/dashdash-1.14.1.tgz",
			"integrity": "sha1-hTz6D3y+L+1d4gMmuN1YEDX24vA=",
			"dev": true,
			"requires": {
				"assert-plus": "^1.0.0"
			}
		},
		"date-format": {
			"version": "3.0.0",
			"resolved": "https://registry.npm.taobao.org/date-format/download/date-format-3.0.0.tgz?cache=0&sync_timestamp=1572558653136&other_urls=https%3A%2F%2Fregistry.npm.taobao.org%2Fdate-format%2Fdownload%2Fdate-format-3.0.0.tgz",
			"integrity": "sha1-64eANlx9KxURB4+0keZHl4DzrZU="
		},
		"debug": {
			"version": "3.1.0",
			"resolved": "https://registry.npm.taobao.org/debug/download/debug-3.1.0.tgz",
			"integrity": "sha1-W7WgZyYotkFJVmuhaBnmFRjGcmE=",
			"dev": true,
			"requires": {
				"ms": "2.0.0"
			}
		},
		"deepmerge": {
			"version": "3.3.0",
			"resolved": "https://registry.npm.taobao.org/deepmerge/download/deepmerge-3.3.0.tgz",
			"integrity": "sha1-08R/1vOpPVF7FEJrBiihewEl9fc="
		},
		"delayed-stream": {
			"version": "1.0.0",
			"resolved": "https://registry.npmjs.org/delayed-stream/-/delayed-stream-1.0.0.tgz",
			"integrity": "sha1-3zrhmayt+31ECqrgsp4icrJOxhk=",
			"dev": true
		},
		"denque": {
			"version": "1.4.1",
			"resolved": "https://registry.npm.taobao.org/denque/download/denque-1.4.1.tgz",
			"integrity": "sha1-Z0T/dkHBSMP4ppwwflEjXB9KN88="
		},
		"diff": {
			"version": "3.5.0",
			"resolved": "https://registry.npm.taobao.org/diff/download/diff-3.5.0.tgz?cache=0&sync_timestamp=1578890967183&other_urls=https%3A%2F%2Fregistry.npm.taobao.org%2Fdiff%2Fdownload%2Fdiff-3.5.0.tgz",
			"integrity": "sha1-gAwN0eCov7yVg1wgKtIg/jF+WhI=",
			"dev": true
		},
		"ecc-jsbn": {
			"version": "0.1.2",
			"resolved": "https://registry.npmjs.org/ecc-jsbn/-/ecc-jsbn-0.1.2.tgz",
			"integrity": "sha1-OoOpBOVDUyh4dMVkt1SThoSamMk=",
			"dev": true,
			"requires": {
				"jsbn": "~0.1.0",
				"safer-buffer": "^2.1.0"
			}
		},
		"es6-promise": {
			"version": "4.2.8",
			"resolved": "https://registry.npm.taobao.org/es6-promise/download/es6-promise-4.2.8.tgz?cache=0&other_urls=https%3A%2F%2Fregistry.npm.taobao.org%2Fes6-promise%2Fdownload%2Fes6-promise-4.2.8.tgz",
			"integrity": "sha1-TrIVlMlyvEBVPSduUQU5FD21Pgo=",
			"dev": true
		},
		"es6-promisify": {
			"version": "5.0.0",
			"resolved": "https://registry.npmjs.org/es6-promisify/-/es6-promisify-5.0.0.tgz",
			"integrity": "sha1-UQnWLz5W6pZ8S2NQWu8IKRyKUgM=",
			"dev": true,
			"requires": {
				"es6-promise": "^4.0.3"
			}
		},
		"escape-string-regexp": {
			"version": "1.0.5",
			"resolved": "https://registry.npmjs.org/escape-string-regexp/-/escape-string-regexp-1.0.5.tgz",
			"integrity": "sha1-G2HAViGQqN/2rjuyzwIAyhMLhtQ=",
			"dev": true
		},
		"esprima": {
			"version": "4.0.1",
			"resolved": "https://registry.npm.taobao.org/esprima/download/esprima-4.0.1.tgz",
			"integrity": "sha1-E7BM2z5sXRnfkatph6hpVhmwqnE=",
			"dev": true
		},
		"extend": {
			"version": "3.0.2",
			"resolved": "https://registry.npm.taobao.org/extend/download/extend-3.0.2.tgz",
			"integrity": "sha1-+LETa0Bx+9jrFAr/hYsQGewpFfo=",
			"dev": true
		},
		"extsprintf": {
			"version": "1.3.0",
			"resolved": "https://registry.npmjs.org/extsprintf/-/extsprintf-1.3.0.tgz",
			"integrity": "sha1-lpGEQOMEGnpBT4xS48V06zw+HgU=",
			"dev": true
		},
		"fast-deep-equal": {
			"version": "3.1.1",
			"resolved": "https://registry.npm.taobao.org/fast-deep-equal/download/fast-deep-equal-3.1.1.tgz",
			"integrity": "sha1-VFFFB3xQFJHjOxXsQIwpQ3bpSuQ=",
			"dev": true
		},
		"fast-json-stable-stringify": {
			"version": "2.1.0",
			"resolved": "https://registry.npm.taobao.org/fast-json-stable-stringify/download/fast-json-stable-stringify-2.1.0.tgz?cache=0&sync_timestamp=1576340291001&other_urls=https%3A%2F%2Fregistry.npm.taobao.org%2Ffast-json-stable-stringify%2Fdownload%2Ffast-json-stable-stringify-2.1.0.tgz",
			"integrity": "sha1-h0v2nG9ATCtdmcSBNBOZ/VWJJjM=",
			"dev": true
		},
		"forever-agent": {
			"version": "0.6.1",
			"resolved": "https://registry.npmjs.org/forever-agent/-/forever-agent-0.6.1.tgz",
			"integrity": "sha1-+8cfDEGt6zf5bFd60e1C2P2sypE=",
			"dev": true
		},
		"form-data": {
			"version": "2.3.3",
			"resolved": "https://registry.npm.taobao.org/form-data/download/form-data-2.3.3.tgz",
			"integrity": "sha1-3M5SwF9kTymManq5Nr1yTO/786Y=",
			"dev": true,
			"requires": {
				"asynckit": "^0.4.0",
				"combined-stream": "^1.0.6",
				"mime-types": "^2.1.12"
			}
		},
		"fs.realpath": {
			"version": "1.0.0",
			"resolved": "https://registry.npmjs.org/fs.realpath/-/fs.realpath-1.0.0.tgz",
			"integrity": "sha1-FQStJSMVjKpA20onh8sBQRmU6k8=",
			"dev": true
		},
		"generate-function": {
			"version": "2.3.1",
			"resolved": "https://registry.npm.taobao.org/generate-function/download/generate-function-2.3.1.tgz",
			"integrity": "sha1-8GlhdpDBDIaOc7hGV0Z2T5fDR58=",
			"requires": {
				"is-property": "^1.0.2"
			}
		},
		"get-port": {
			"version": "5.1.1",
			"resolved": "https://registry.npm.taobao.org/get-port/download/get-port-5.1.1.tgz",
			"integrity": "sha1-BGntB1Y0ed5u+5hrrwU9zX1OMZM="
		},
		"getpass": {
			"version": "0.1.7",
			"resolved": "https://registry.npmjs.org/getpass/-/getpass-0.1.7.tgz",
			"integrity": "sha1-Xv+OPmhNVprkyysSgmBOi6YhSfo=",
			"dev": true,
			"requires": {
				"assert-plus": "^1.0.0"
			}
		},
		"glob": {
			"version": "7.1.2",
			"resolved": "https://registry.npmjs.org/glob/-/glob-7.1.2.tgz",
			"integrity": "sha512-MJTUg1kjuLeQCJ+ccE4Vpa6kKVXkPYJ2mOCQyUuKLcLQsdrMCpBPUi8qVE6+YuaJkozeA9NusTAw3hLr8Xe5EQ==",
			"dev": true,
			"requires": {
				"fs.realpath": "^1.0.0",
				"inflight": "^1.0.4",
				"inherits": "2",
				"minimatch": "^3.0.4",
				"once": "^1.3.0",
				"path-is-absolute": "^1.0.0"
			}
		},
		"growl": {
			"version": "1.10.5",
			"resolved": "https://registry.npm.taobao.org/growl/download/growl-1.10.5.tgz",
			"integrity": "sha1-8nNdwig2dPpnR4sQGBBZNVw2nl4=",
			"dev": true
		},
		"har-schema": {
			"version": "2.0.0",
			"resolved": "https://registry.npmjs.org/har-schema/-/har-schema-2.0.0.tgz",
			"integrity": "sha1-qUwiJOvKwEeCoNkDVSHyRzW37JI=",
			"dev": true
		},
		"har-validator": {
			"version": "5.1.3",
			"resolved": "https://registry.npm.taobao.org/har-validator/download/har-validator-5.1.3.tgz",
			"integrity": "sha1-HvievT5JllV2de7ZiTEQ3DUPoIA=",
			"dev": true,
			"requires": {
				"ajv": "^6.5.5",
				"har-schema": "^2.0.0"
			}
		},
		"has-flag": {
			"version": "3.0.0",
			"resolved": "https://registry.npm.taobao.org/has-flag/download/has-flag-3.0.0.tgz",
			"integrity": "sha1-tdRU3CGZriJWmfNGfloH87lVuv0=",
			"dev": true
		},
		"he": {
			"version": "1.1.1",
			"resolved": "https://registry.npmjs.org/he/-/he-1.1.1.tgz",
			"integrity": "sha1-k0EP0hsAlzUVH4howvJx80J+I/0=",
			"dev": true
		},
		"http-proxy-agent": {
			"version": "2.1.0",
			"resolved": "https://registry.npm.taobao.org/http-proxy-agent/download/http-proxy-agent-2.1.0.tgz",
			"integrity": "sha1-5IIb7vWyFCogJr1zkm/lN2McVAU=",
			"dev": true,
			"requires": {
				"agent-base": "4",
				"debug": "3.1.0"
			}
		},
		"http-signature": {
			"version": "1.2.0",
			"resolved": "https://registry.npmjs.org/http-signature/-/http-signature-1.2.0.tgz",
			"integrity": "sha1-muzZJRFHcvPZW2WmCruPfBj7rOE=",
			"dev": true,
			"requires": {
				"assert-plus": "^1.0.0",
				"jsprim": "^1.2.2",
				"sshpk": "^1.7.0"
			}
		},
		"https-proxy-agent": {
			"version": "2.2.4",
			"resolved": "https://registry.npm.taobao.org/https-proxy-agent/download/https-proxy-agent-2.2.4.tgz?cache=0&sync_timestamp=1581106803611&other_urls=https%3A%2F%2Fregistry.npm.taobao.org%2Fhttps-proxy-agent%2Fdownload%2Fhttps-proxy-agent-2.2.4.tgz",
			"integrity": "sha1-TuenN6vZJniik9mzShr00NCMeHs=",
			"dev": true,
			"requires": {
				"agent-base": "^4.3.0",
				"debug": "^3.1.0"
			}
		},
		"iconv-lite": {
			"version": "0.5.1",
			"resolved": "https://registry.npm.taobao.org/iconv-lite/download/iconv-lite-0.5.1.tgz?cache=0&sync_timestamp=1579333981154&other_urls=https%3A%2F%2Fregistry.npm.taobao.org%2Ficonv-lite%2Fdownload%2Ficonv-lite-0.5.1.tgz",
			"integrity": "sha1-skJdPHsY9yGfLKZj0QO925FxjWQ=",
			"requires": {
				"safer-buffer": ">= 2.1.2 < 3"
			}
		},
		"inflight": {
			"version": "1.0.6",
			"resolved": "https://registry.npmjs.org/inflight/-/inflight-1.0.6.tgz",
			"integrity": "sha1-Sb1jMdfQLQwJvJEKEHW6gWW1bfk=",
			"dev": true,
			"requires": {
				"once": "^1.3.0",
				"wrappy": "1"
			}
		},
		"inherits": {
			"version": "2.0.3",
			"resolved": "https://registry.npmjs.org/inherits/-/inherits-2.0.3.tgz",
			"integrity": "sha1-Yzwsg+PaQqUC9SRmAiSA9CCCYd4="
		},
		"is-property": {
			"version": "1.0.2",
			"resolved": "https://registry.npmjs.org/is-property/-/is-property-1.0.2.tgz",
			"integrity": "sha1-V/4cTkhHTt1lsJkR8msc1Ald2oQ="
		},
		"is-typedarray": {
			"version": "1.0.0",
			"resolved": "https://registry.npmjs.org/is-typedarray/-/is-typedarray-1.0.0.tgz",
			"integrity": "sha1-5HnICFjfDBsR3dppQPlgEfzaSpo=",
			"dev": true
		},
		"isarray": {
			"version": "1.0.0",
			"resolved": "https://registry.npmjs.org/isarray/-/isarray-1.0.0.tgz",
			"integrity": "sha1-u5NdSFgsuhaMBoNJV6VKPgcSTxE="
		},
		"isstream": {
			"version": "0.1.2",
			"resolved": "https://registry.npmjs.org/isstream/-/isstream-0.1.2.tgz",
			"integrity": "sha1-R+Y/evVa+m+S4VAOaQ64uFKcCZo=",
			"dev": true
		},
		"js-tokens": {
			"version": "4.0.0",
			"resolved": "https://registry.npm.taobao.org/js-tokens/download/js-tokens-4.0.0.tgz?cache=0&sync_timestamp=1586796260005&other_urls=https%3A%2F%2Fregistry.npm.taobao.org%2Fjs-tokens%2Fdownload%2Fjs-tokens-4.0.0.tgz",
			"integrity": "sha1-GSA/tZmR35jjoocFDUZHzerzJJk=",
			"dev": true
		},
		"js-yaml": {
			"version": "3.13.1",
			"resolved": "https://registry.npm.taobao.org/js-yaml/download/js-yaml-3.13.1.tgz",
			"integrity": "sha1-r/FRswv9+o5J4F2iLnQV6d+jeEc=",
			"dev": true,
			"requires": {
				"argparse": "^1.0.7",
				"esprima": "^4.0.0"
			}
		},
		"jsbn": {
			"version": "0.1.1",
			"resolved": "https://registry.npmjs.org/jsbn/-/jsbn-0.1.1.tgz",
			"integrity": "sha1-peZUwuWi3rXyAdls77yoDA7y9RM=",
			"dev": true
		},
		"json-schema": {
			"version": "0.2.3",
			"resolved": "https://registry.npmjs.org/json-schema/-/json-schema-0.2.3.tgz",
			"integrity": "sha1-tIDIkuWaLwWVTOcnvT8qTogvnhM=",
			"dev": true
		},
		"json-schema-traverse": {
			"version": "0.4.1",
			"resolved": "https://registry.npm.taobao.org/json-schema-traverse/download/json-schema-traverse-0.4.1.tgz",
			"integrity": "sha1-afaofZUTq4u4/mO9sJecRI5oRmA=",
			"dev": true
		},
		"json-stringify-safe": {
			"version": "5.0.1",
			"resolved": "https://registry.npmjs.org/json-stringify-safe/-/json-stringify-safe-5.0.1.tgz",
			"integrity": "sha1-Epai1Y/UXxmg9s4B1lcB4sc1tus=",
			"dev": true
		},
		"jsprim": {
			"version": "1.4.1",
			"resolved": "https://registry.npmjs.org/jsprim/-/jsprim-1.4.1.tgz",
			"integrity": "sha1-MT5mvB5cwG5Di8G3SZwuXFastqI=",
			"dev": true,
			"requires": {
				"assert-plus": "1.0.0",
				"extsprintf": "1.3.0",
				"json-schema": "0.2.3",
				"verror": "1.10.0"
			}
		},
		"lodash": {
			"version": "4.17.15",
			"resolved": "https://registry.npm.taobao.org/lodash/download/lodash-4.17.15.tgz?cache=0&other_urls=https%3A%2F%2Fregistry.npm.taobao.org%2Flodash%2Fdownload%2Flodash-4.17.15.tgz",
			"integrity": "sha1-tEf2ZwoEVbv+7dETku/zMOoJdUg="
		},
		"lodash.defaults": {
			"version": "4.2.0",
			"resolved": "https://registry.npm.taobao.org/lodash.defaults/download/lodash.defaults-4.2.0.tgz",
			"integrity": "sha1-0JF4cW/+pN3p5ft7N/bwgCJ0WAw="
		},
		"long": {
			"version": "4.0.0",
			"resolved": "https://registry.npm.taobao.org/long/download/long-4.0.0.tgz",
			"integrity": "sha1-mntxz7fTYaGU6lVSQckvdGjVvyg="
		},
		"lru-cache": {
			"version": "5.1.1",
			"resolved": "https://registry.npm.taobao.org/lru-cache/download/lru-cache-5.1.1.tgz",
			"integrity": "sha1-HaJ+ZxAnGUdpXa9oSOhH8B2EuSA=",
			"requires": {
				"yallist": "^3.0.2"
			}
		},
		"mime-db": {
			"version": "1.43.0",
			"resolved": "https://registry.npm.taobao.org/mime-db/download/mime-db-1.43.0.tgz?cache=0&sync_timestamp=1578281104943&other_urls=https%3A%2F%2Fregistry.npm.taobao.org%2Fmime-db%2Fdownload%2Fmime-db-1.43.0.tgz",
			"integrity": "sha1-ChLgUCZQ5HPXNVNQUOfI9OtPrlg=",
			"dev": true
		},
		"mime-types": {
			"version": "2.1.26",
			"resolved": "https://registry.npm.taobao.org/mime-types/download/mime-types-2.1.26.tgz?cache=0&sync_timestamp=1578282585871&other_urls=https%3A%2F%2Fregistry.npm.taobao.org%2Fmime-types%2Fdownload%2Fmime-types-2.1.26.tgz",
			"integrity": "sha1-nJIfwJt+FJpl39wNpNIJlyALCgY=",
			"dev": true,
			"requires": {
				"mime-db": "1.43.0"
			}
		},
		"minimatch": {
			"version": "3.0.4",
			"resolved": "https://registry.npmjs.org/minimatch/-/minimatch-3.0.4.tgz",
			"integrity": "sha512-yJHVQEhyqPLUTgt9B83PXu6W3rx4MvvHvSUvToogpwoGDOUQ+yDrR0HRot+yOCdCO7u4hX3pWft6kWBBcqh0UA==",
			"dev": true,
			"requires": {
				"brace-expansion": "^1.1.7"
			}
		},
		"minimist": {
			"version": "0.0.8",
			"resolved": "https://registry.npmjs.org/minimist/-/minimist-0.0.8.tgz",
			"integrity": "sha1-hX/Kv8M5fSYluCKCYuhqp6ARsF0=",
			"dev": true
		},
		"mkdirp": {
			"version": "0.5.1",
			"resolved": "https://registry.npmjs.org/mkdirp/-/mkdirp-0.5.1.tgz",
			"integrity": "sha1-MAV0OOrGz3+MR2fzhkjWaX11yQM=",
			"dev": true,
			"requires": {
				"minimist": "0.0.8"
			}
		},
		"mocha": {
			"version": "5.2.0",
			"resolved": "https://registry.npm.taobao.org/mocha/download/mocha-5.2.0.tgz?cache=0&other_urls=https%3A%2F%2Fregistry.npm.taobao.org%2Fmocha%2Fdownload%2Fmocha-5.2.0.tgz",
			"integrity": "sha1-bYrlCPWRZ/lA8rWzxKYSrlDJCuY=",
			"dev": true,
			"requires": {
				"browser-stdout": "1.3.1",
				"commander": "2.15.1",
				"debug": "3.1.0",
				"diff": "3.5.0",
				"escape-string-regexp": "1.0.5",
				"glob": "7.1.2",
				"growl": "1.10.5",
				"he": "1.1.1",
				"minimatch": "3.0.4",
				"mkdirp": "0.5.1",
				"supports-color": "5.4.0"
			},
			"dependencies": {
				"supports-color": {
					"version": "5.4.0",
					"resolved": "https://registry.npm.taobao.org/supports-color/download/supports-color-5.4.0.tgz?cache=0&other_urls=https%3A%2F%2Fregistry.npm.taobao.org%2Fsupports-color%2Fdownload%2Fsupports-color-5.4.0.tgz",
					"integrity": "sha1-HGszdALCE3YF7+GfEP7DkPb6q1Q=",
					"dev": true,
					"requires": {
						"has-flag": "^3.0.0"
					}
				}
			}
		},
		"mockjs": {
			"version": "1.1.0",
			"resolved": "https://registry.npm.taobao.org/mockjs/download/mockjs-1.1.0.tgz",
			"integrity": "sha1-5qDDeOkZBtuv8gkRzAJzs8fXWwY=",
			"requires": {
				"commander": "*"
			}
		},
		"ms": {
			"version": "2.0.0",
			"resolved": "https://registry.npmjs.org/ms/-/ms-2.0.0.tgz",
			"integrity": "sha1-VgiurfwAvmwpAd9fmGF4jeDVl8g="
		},
		"mysql": {
			"version": "2.18.1",
			"resolved": "https://registry.npm.taobao.org/mysql/download/mysql-2.18.1.tgz",
			"integrity": "sha1-IlQUOFXFqMc4JeRSK68uoCF2Zxc=",
			"requires": {
				"bignumber.js": "9.0.0",
				"readable-stream": "2.3.7",
				"safe-buffer": "5.1.2",
				"sqlstring": "2.3.1"
			},
			"dependencies": {
				"safe-buffer": {
					"version": "5.1.2",
					"resolved": "https://registry.npm.taobao.org/safe-buffer/download/safe-buffer-5.1.2.tgz",
					"integrity": "sha1-mR7GnSluAxN0fVm9/St0XDX4go0="
				}
			}
		},
		"mysql2": {
			"version": "1.7.0",
			"resolved": "https://registry.npm.taobao.org/mysql2/download/mysql2-1.7.0.tgz",
			"integrity": "sha1-L78xTaAWph0Dj/zVeioKo7e46sw=",
			"requires": {
				"denque": "^1.4.1",
				"generate-function": "^2.3.1",
				"iconv-lite": "^0.5.0",
				"long": "^4.0.0",
				"lru-cache": "^5.1.1",
				"named-placeholders": "^1.1.2",
				"seq-queue": "^0.0.5",
				"sqlstring": "^2.3.1"
			}
		},
		"mysqldump": {
			"version": "3.1.0",
			"resolved": "https://registry.npm.taobao.org/mysqldump/download/mysqldump-3.1.0.tgz",
			"integrity": "sha1-X/qV3fPc7uVbBSgGwuH0YTbYodI=",
			"requires": {
				"deepmerge": "^3.2.0",
				"mysql2": "^1.6.5",
				"sql-formatter": "^2.3.2",
				"sqlstring": "^2.3.1"
			}
		},
		"named-placeholders": {
			"version": "1.1.2",
			"resolved": "https://registry.npm.taobao.org/named-placeholders/download/named-placeholders-1.1.2.tgz",
			"integrity": "sha1-zrH7/1C2szSStc8hTM9eOc7z0Og=",
			"requires": {
				"lru-cache": "^4.1.3"
			},
			"dependencies": {
				"lru-cache": {
					"version": "4.1.5",
					"resolved": "https://registry.npm.taobao.org/lru-cache/download/lru-cache-4.1.5.tgz",
					"integrity": "sha1-i75Q6oW+1ZvJ4z3KuCNe6bz0Q80=",
					"requires": {
						"pseudomap": "^1.0.2",
						"yallist": "^2.1.2"
					}
				},
				"yallist": {
					"version": "2.1.2",
					"resolved": "https://registry.npm.taobao.org/yallist/download/yallist-2.1.2.tgz",
					"integrity": "sha1-HBH5IY8HYImkfdUS+TxmmaaoHVI="
				}
			}
		},
		"oauth-sign": {
			"version": "0.9.0",
			"resolved": "https://registry.npm.taobao.org/oauth-sign/download/oauth-sign-0.9.0.tgz",
			"integrity": "sha1-R6ewFrqmi1+g7PPe4IqFxnmsZFU=",
			"dev": true
		},
		"once": {
			"version": "1.4.0",
			"resolved": "https://registry.npmjs.org/once/-/once-1.4.0.tgz",
			"integrity": "sha1-WDsap3WWHUsROsF9nFC6753Xa9E=",
			"dev": true,
			"requires": {
				"wrappy": "1"
			}
		},
		"path-is-absolute": {
			"version": "1.0.1",
			"resolved": "https://registry.npmjs.org/path-is-absolute/-/path-is-absolute-1.0.1.tgz",
			"integrity": "sha1-F0uSaHNVNP+8es5r9TpanhtcX18=",
			"dev": true
		},
		"path-parse": {
			"version": "1.0.6",
			"resolved": "https://registry.npm.taobao.org/path-parse/download/path-parse-1.0.6.tgz",
			"integrity": "sha1-1i27VnlAXXLEc37FhgDp3c8G0kw=",
			"dev": true
		},
		"performance-now": {
			"version": "2.1.0",
			"resolved": "https://registry.npmjs.org/performance-now/-/performance-now-2.1.0.tgz",
			"integrity": "sha1-Ywn04OX6kT7BxpMHrjZLSzd8nns=",
			"dev": true
		},
		"process-nextick-args": {
			"version": "2.0.1",
			"resolved": "https://registry.npm.taobao.org/process-nextick-args/download/process-nextick-args-2.0.1.tgz",
			"integrity": "sha1-eCDZsWEgzFXKmud5JoCufbptf+I="
		},
		"pseudomap": {
			"version": "1.0.2",
			"resolved": "https://registry.npmjs.org/pseudomap/-/pseudomap-1.0.2.tgz",
			"integrity": "sha1-8FKijacOYYkX7wqKw0wa5aaChrM="
		},
		"psl": {
			"version": "1.8.0",
			"resolved": "https://registry.npm.taobao.org/psl/download/psl-1.8.0.tgz",
			"integrity": "sha1-kyb4vPsBOtzABf3/BWrM4CDlHCQ=",
			"dev": true
		},
		"punycode": {
			"version": "2.1.1",
			"resolved": "https://registry.npm.taobao.org/punycode/download/punycode-2.1.1.tgz",
			"integrity": "sha1-tYsBCsQMIsVldhbI0sLALHv0eew=",
			"dev": true
		},
		"qs": {
			"version": "6.5.2",
			"resolved": "https://registry.npm.taobao.org/qs/download/qs-6.5.2.tgz",
			"integrity": "sha1-yzroBuh0BERYTvFUzo7pjUA/PjY=",
			"dev": true
		},
		"querystringify": {
			"version": "2.1.1",
			"resolved": "https://registry.npm.taobao.org/querystringify/download/querystringify-2.1.1.tgz",
			"integrity": "sha1-YOWl/WSn+L+k0qsu1v30yFutFU4=",
			"dev": true
		},
		"readable-stream": {
			"version": "2.3.7",
			"resolved": "https://registry.npm.taobao.org/readable-stream/download/readable-stream-2.3.7.tgz?cache=0&sync_timestamp=1581624324274&other_urls=https%3A%2F%2Fregistry.npm.taobao.org%2Freadable-stream%2Fdownload%2Freadable-stream-2.3.7.tgz",
			"integrity": "sha1-Hsoc9xGu+BTAT2IlKjamL2yyO1c=",
			"requires": {
				"core-util-is": "~1.0.0",
				"inherits": "~2.0.3",
				"isarray": "~1.0.0",
				"process-nextick-args": "~2.0.0",
				"safe-buffer": "~5.1.1",
				"string_decoder": "~1.1.1",
				"util-deprecate": "~1.0.1"
			}
		},
		"request": {
			"version": "2.88.2",
			"resolved": "https://registry.npm.taobao.org/request/download/request-2.88.2.tgz",
			"integrity": "sha1-1zyRhzHLWofaBH4gcjQUb2ZNErM=",
			"dev": true,
			"requires": {
				"aws-sign2": "~0.7.0",
				"aws4": "^1.8.0",
				"caseless": "~0.12.0",
				"combined-stream": "~1.0.6",
				"extend": "~3.0.2",
				"forever-agent": "~0.6.1",
				"form-data": "~2.3.2",
				"har-validator": "~5.1.3",
				"http-signature": "~1.2.0",
				"is-typedarray": "~1.0.0",
				"isstream": "~0.1.2",
				"json-stringify-safe": "~5.0.1",
				"mime-types": "~2.1.19",
				"oauth-sign": "~0.9.0",
				"performance-now": "^2.1.0",
				"qs": "~6.5.2",
				"safe-buffer": "^5.1.2",
				"tough-cookie": "~2.5.0",
				"tunnel-agent": "^0.6.0",
				"uuid": "^3.3.2"
			},
			"dependencies": {
				"safe-buffer": {
					"version": "5.2.0",
					"resolved": "https://registry.npm.taobao.org/safe-buffer/download/safe-buffer-5.2.0.tgz",
					"integrity": "sha1-t02uxJsRSPiMZLaNSbHoFcHy9Rk=",
					"dev": true
				}
			}
		},
		"requires-port": {
			"version": "1.0.0",
			"resolved": "https://registry.npmjs.org/requires-port/-/requires-port-1.0.0.tgz",
			"integrity": "sha1-kl0mAdOaxIXgkc8NpcbmlNw9yv8=",
			"dev": true
		},
		"resolve": {
			"version": "1.16.0",
			"resolved": "https://registry.npm.taobao.org/resolve/download/resolve-1.16.0.tgz?cache=0&sync_timestamp=1586994575637&other_urls=https%3A%2F%2Fregistry.npm.taobao.org%2Fresolve%2Fdownload%2Fresolve-1.16.0.tgz",
			"integrity": "sha1-Bj3HBPo0E+E6wdDRdWp8v+ld0ac=",
			"dev": true,
			"requires": {
				"path-parse": "^1.0.6"
			}
		},
		"safe-buffer": {
			"version": "5.1.1",
			"resolved": "https://registry.npmjs.org/safe-buffer/-/safe-buffer-5.1.1.tgz",
			"integrity": "sha512-kKvNJn6Mm93gAczWVJg7wH+wGYWNrDHdWvpUmHyEsgCtIwwo3bqPtV4tR5tuPaUhTOo/kvhVwd8XwwOllGYkbg=="
		},
		"safer-buffer": {
			"version": "2.1.2",
			"resolved": "https://registry.npmjs.org/safer-buffer/-/safer-buffer-2.1.2.tgz",
			"integrity": "sha512-YZo3K82SD7Riyi0E1EQPojLz7kpepnSQI9IyPbHHg1XXXevb5dJI7tpyN2ADxGcQbHG7vcyRHk0cbwqcQriUtg=="
		},
		"semver": {
			"version": "5.4.1",
			"resolved": "https://registry.npmjs.org/semver/-/semver-5.4.1.tgz",
			"integrity": "sha512-WfG/X9+oATh81XtllIo/I8gOiY9EXRdv1cQdyykeXK17YcUW3EXUAi2To4pcH6nZtJPr7ZOpM5OMyWJZm+8Rsg=="
		},
		"seq-queue": {
			"version": "0.0.5",
			"resolved": "https://registry.npmjs.org/seq-queue/-/seq-queue-0.0.5.tgz",
			"integrity": "sha1-1WgS4cAXpuTnw+Ojeh2m143TyT4="
		},
		"source-map": {
			"version": "0.6.1",
			"resolved": "https://registry.npm.taobao.org/source-map/download/source-map-0.6.1.tgz",
			"integrity": "sha1-dHIq8y6WFOnCh6jQu95IteLxomM=",
			"dev": true
		},
		"source-map-support": {
			"version": "0.5.17",
			"resolved": "https://registry.npm.taobao.org/source-map-support/download/source-map-support-0.5.17.tgz",
			"integrity": "sha1-Kf4bPJi529UGStqJBS7o/wcMtGw=",
			"dev": true,
			"requires": {
				"buffer-from": "^1.0.0",
				"source-map": "^0.6.0"
			}
		},
		"sprintf-js": {
			"version": "1.0.3",
			"resolved": "https://registry.npm.taobao.org/sprintf-js/download/sprintf-js-1.0.3.tgz?cache=0&other_urls=https%3A%2F%2Fregistry.npm.taobao.org%2Fsprintf-js%2Fdownload%2Fsprintf-js-1.0.3.tgz",
			"integrity": "sha1-BOaSb2YolTVPPdAVIDYzuFcpfiw=",
			"dev": true
		},
		"sql-formatter": {
			"version": "2.3.3",
			"resolved": "https://registry.npm.taobao.org/sql-formatter/download/sql-formatter-2.3.3.tgz",
			"integrity": "sha1-kQ70hPu5iKXlEL6kFhFX47gLL2I=",
			"requires": {
				"lodash": "^4.16.0"
			}
		},
		"sqlstring": {
			"version": "2.3.1",
			"resolved": "https://registry.npm.taobao.org/sqlstring/download/sqlstring-2.3.1.tgz?cache=0&sync_timestamp=1587004209757&other_urls=https%3A%2F%2Fregistry.npm.taobao.org%2Fsqlstring%2Fdownload%2Fsqlstring-2.3.1.tgz",
			"integrity": "sha1-R1OT/56RR5rqYtyvDKPRSYOn+0A="
		},
		"sshpk": {
			"version": "1.16.1",
			"resolved": "https://registry.npm.taobao.org/sshpk/download/sshpk-1.16.1.tgz",
			"integrity": "sha1-+2YcC+8ps520B2nuOfpwCT1vaHc=",
			"dev": true,
			"requires": {
				"asn1": "~0.2.3",
				"assert-plus": "^1.0.0",
				"bcrypt-pbkdf": "^1.0.0",
				"dashdash": "^1.12.0",
				"ecc-jsbn": "~0.1.1",
				"getpass": "^0.1.1",
				"jsbn": "~0.1.0",
				"safer-buffer": "^2.0.2",
				"tweetnacl": "~0.14.0"
			}
		},
		"streamsearch": {
			"version": "0.1.2",
			"resolved": "https://registry.npm.taobao.org/streamsearch/download/streamsearch-0.1.2.tgz",
			"integrity": "sha1-gIudDlb8Jz2Am6VzOOkpkZoanxo="
		},
		"string_decoder": {
			"version": "1.1.1",
			"resolved": "https://registry.npm.taobao.org/string_decoder/download/string_decoder-1.1.1.tgz?cache=0&sync_timestamp=1565170823020&other_urls=https%3A%2F%2Fregistry.npm.taobao.org%2Fstring_decoder%2Fdownload%2Fstring_decoder-1.1.1.tgz",
			"integrity": "sha1-nPFhG6YmhdcDCunkujQUnDrwP8g=",
			"requires": {
				"safe-buffer": "~5.1.0"
			}
		},
		"supports-color": {
			"version": "5.5.0",
			"resolved": "https://registry.npm.taobao.org/supports-color/download/supports-color-5.5.0.tgz?cache=0&other_urls=https%3A%2F%2Fregistry.npm.taobao.org%2Fsupports-color%2Fdownload%2Fsupports-color-5.5.0.tgz",
			"integrity": "sha1-4uaaRKyHcveKHsCzW2id9lMO/I8=",
			"dev": true,
			"requires": {
				"has-flag": "^3.0.0"
			},
			"dependencies": {
				"has-flag": {
					"version": "3.0.0",
					"resolved": "https://registry.npm.taobao.org/has-flag/download/has-flag-3.0.0.tgz",
					"integrity": "sha1-tdRU3CGZriJWmfNGfloH87lVuv0=",
					"dev": true
				}
			}
		},
		"tough-cookie": {
			"version": "2.5.0",
			"resolved": "https://registry.npm.taobao.org/tough-cookie/download/tough-cookie-2.5.0.tgz?cache=0&sync_timestamp=1584646121003&other_urls=https%3A%2F%2Fregistry.npm.taobao.org%2Ftough-cookie%2Fdownload%2Ftough-cookie-2.5.0.tgz",
			"integrity": "sha1-zZ+yoKodWhK0c72fuW+j3P9lreI=",
			"dev": true,
			"requires": {
				"psl": "^1.1.28",
				"punycode": "^2.1.1"
			}
		},
		"tslib": {
			"version": "1.11.1",
			"resolved": "https://registry.npm.taobao.org/tslib/download/tslib-1.11.1.tgz",
			"integrity": "sha1-6xXRKIJ/vuKEFUnhcfRe0zisfjU=",
			"dev": true
		},
		"tslint": {
			"version": "5.20.1",
			"resolved": "https://registry.npm.taobao.org/tslint/download/tslint-5.20.1.tgz",
			"integrity": "sha1-5AHortoBUrxE3QfmFANPP4DGe30=",
			"dev": true,
			"requires": {
				"@babel/code-frame": "^7.0.0",
				"builtin-modules": "^1.1.1",
				"chalk": "^2.3.0",
				"commander": "^2.12.1",
				"diff": "^4.0.1",
				"glob": "^7.1.1",
				"js-yaml": "^3.13.1",
				"minimatch": "^3.0.4",
				"mkdirp": "^0.5.1",
				"resolve": "^1.3.2",
				"semver": "^5.3.0",
				"tslib": "^1.8.0",
				"tsutils": "^2.29.0"
			},
			"dependencies": {
				"commander": {
					"version": "2.20.3",
					"resolved": "https://registry.npm.taobao.org/commander/download/commander-2.20.3.tgz",
					"integrity": "sha1-/UhehMA+tIgcIHIrpIA16FMa6zM=",
					"dev": true
				},
				"diff": {
					"version": "4.0.2",
					"resolved": "https://registry.npm.taobao.org/diff/download/diff-4.0.2.tgz?cache=0&sync_timestamp=1578890967183&other_urls=https%3A%2F%2Fregistry.npm.taobao.org%2Fdiff%2Fdownload%2Fdiff-4.0.2.tgz",
					"integrity": "sha1-YPOuy4nV+uUgwRqhnvwruYKq3n0=",
					"dev": true
				}
			}
		},
		"tsutils": {
			"version": "2.29.0",
			"resolved": "https://registry.npm.taobao.org/tsutils/download/tsutils-2.29.0.tgz",
			"integrity": "sha1-MrSIUBRnrL7dS4VJhnOggSrKC5k=",
			"dev": true,
			"requires": {
				"tslib": "^1.8.1"
			}
		},
		"tunnel-agent": {
			"version": "0.6.0",
			"resolved": "https://registry.npmjs.org/tunnel-agent/-/tunnel-agent-0.6.0.tgz",
			"integrity": "sha1-J6XeoGs2sEoKmWZ3SykIaPD8QP0=",
			"dev": true,
			"requires": {
				"safe-buffer": "^5.0.1"
			}
		},
		"tunnel-ssh": {
			"version": "4.1.4",
			"resolved": "https://registry.npm.taobao.org/tunnel-ssh/download/tunnel-ssh-4.1.4.tgz",
			"integrity": "sha1-swH3czxz3OoWFkZrnIe2B/SVi0U=",
			"requires": {
				"debug": "2.6.9",
				"lodash.defaults": "^4.1.0",
				"ssh2": "0.5.4"
			},
			"dependencies": {
				"debug": {
					"version": "2.6.9",
					"resolved": "https://registry.npm.taobao.org/debug/download/debug-2.6.9.tgz",
					"integrity": "sha1-XRKFFd8TT/Mn6QpMk/Tgd6U2NB8=",
					"requires": {
						"ms": "2.0.0"
					}
				},
				"ssh2": {
					"version": "0.5.4",
					"resolved": "https://registry.npm.taobao.org/ssh2/download/ssh2-0.5.4.tgz",
					"integrity": "sha1-G/a2soyW6u8mf01sRqWiUXpZnic=",
					"requires": {
						"ssh2-streams": "~0.1.15"
					}
				},
				"ssh2-streams": {
					"version": "0.1.20",
					"resolved": "https://registry.npm.taobao.org/ssh2-streams/download/ssh2-streams-0.1.20.tgz",
					"integrity": "sha1-URGNFUVV31Rp7h9n4M8efoosDjo=",
					"requires": {
						"asn1": "~0.2.0",
						"semver": "^5.1.0",
						"streamsearch": "~0.1.2"
					}
				}
			}
		},
		"tweetnacl": {
			"version": "0.14.5",
			"resolved": "https://registry.npmjs.org/tweetnacl/-/tweetnacl-0.14.5.tgz",
			"integrity": "sha1-WuaBd/GS1EViadEIr6k/+HQ/T2Q=",
			"dev": true
		},
		"typescript": {
			"version": "3.8.3",
			"resolved": "https://registry.npm.taobao.org/typescript/download/typescript-3.8.3.tgz",
			"integrity": "sha1-QJ64VE6gM1cRIFhp7EWKsQnuEGE=",
			"dev": true
		},
		"uri-js": {
			"version": "4.2.2",
			"resolved": "https://registry.npm.taobao.org/uri-js/download/uri-js-4.2.2.tgz",
			"integrity": "sha1-lMVA4f93KVbiKZUHwBCupsiDjrA=",
			"dev": true,
			"requires": {
				"punycode": "^2.1.0"
			}
		},
		"url-parse": {
			"version": "1.4.7",
			"resolved": "https://registry.npm.taobao.org/url-parse/download/url-parse-1.4.7.tgz",
			"integrity": "sha1-qKg1NejACjFuQDpdtKwbm4U64ng=",
			"dev": true,
			"requires": {
				"querystringify": "^2.1.1",
				"requires-port": "^1.0.0"
			}
		},
		"util-deprecate": {
			"version": "1.0.2",
			"resolved": "https://registry.npmjs.org/util-deprecate/-/util-deprecate-1.0.2.tgz",
			"integrity": "sha1-RQ1Nyfpw3nMnYvvS1KKJgUGaDM8="
		},
		"uuid": {
			"version": "3.4.0",
			"resolved": "https://registry.npm.taobao.org/uuid/download/uuid-3.4.0.tgz",
			"integrity": "sha1-sj5DWK+oogL+ehAK8fX4g/AgB+4=",
			"dev": true
		},
		"verror": {
			"version": "1.10.0",
			"resolved": "https://registry.npmjs.org/verror/-/verror-1.10.0.tgz",
			"integrity": "sha1-OhBcoXBTr1XW4nDB+CiGguGNpAA=",
			"dev": true,
			"requires": {
				"assert-plus": "^1.0.0",
				"core-util-is": "1.0.2",
				"extsprintf": "^1.2.0"
			}
		},
		"vscode": {
			"version": "1.1.36",
			"resolved": "https://registry.npm.taobao.org/vscode/download/vscode-1.1.36.tgz",
			"integrity": "sha1-XhoNG/SXfQx7xRWamhPVsQTUsbY=",
			"dev": true,
			"requires": {
				"glob": "^7.1.2",
				"mocha": "^5.2.0",
				"request": "^2.88.0",
				"semver": "^5.4.1",
				"source-map-support": "^0.5.0",
				"url-parse": "^1.4.4",
				"vscode-test": "^0.4.1"
			}
		},
		"vscode-test": {
			"version": "0.4.3",
			"resolved": "https://registry.npm.taobao.org/vscode-test/download/vscode-test-0.4.3.tgz",
			"integrity": "sha1-Rh6/JfxLyT132YKu1VZlii4rkLg=",
			"dev": true,
			"requires": {
				"http-proxy-agent": "^2.1.0",
				"https-proxy-agent": "^2.2.1"
			}
		},
		"wrappy": {
			"version": "1.0.2",
			"resolved": "https://registry.npmjs.org/wrappy/-/wrappy-1.0.2.tgz",
			"integrity": "sha1-tSQ9jz7BqjXxNkYFvA0QNuMKtp8=",
			"dev": true
		},
		"yallist": {
			"version": "3.1.1",
			"resolved": "https://registry.npm.taobao.org/yallist/download/yallist-3.1.1.tgz",
			"integrity": "sha1-27fa+b/YusmrRev2ArjLrQ1dCP0="
		}
	}
}
